
Microsoft Visual Studio Solution File, Format Version 12.00
# Visual Studio Version 17
VisualStudioVersion = 17.0.32014.148
MinimumVisualStudioVersion = 10.0.40219.1
Project("{FAE04EC0-301F-11D3-BF4B-00C04F79EFBC}") = "UWPX_UI", "UWPX_UI\UWPX_UI.csproj", "{E44A2942-DCD2-4C70-BF0A-59910EDF1D9B}"
EndProject
Project("{FAE04EC0-301F-11D3-BF4B-00C04F79EFBC}") = "Logging", "Logging\Logging.csproj", "{0C1FB090-4492-441D-B182-C999DF71F917}"
EndProject
Project("{FAE04EC0-301F-11D3-BF4B-00C04F79EFBC}") = "Shared", "Shared\Shared.csproj", "{C4AF94DA-11CF-4147-B5B7-4B2DC7C624A0}"
EndProject
Project("{FAE04EC0-301F-11D3-BF4B-00C04F79EFBC}") = "XMPP_API", "XMPP_API\XMPP_API.csproj", "{64B9A47F-D404-4D0B-A34A-BEC280C5FF6B}"
EndProject
Project("{FAE04EC0-301F-11D3-BF4B-00C04F79EFBC}") = "UWPX_UI_Context", "UWPX_UI_Context\UWPX_UI_Context.csproj", "{B4EB6F7E-CB04-4392-87DA-BFC242483065}"
EndProject
Project("{FAE04EC0-301F-11D3-BF4B-00C04F79EFBC}") = "Component_Tests", "Component_Tests\Component_Tests.csproj", "{B7A8F92E-7BD9-46F5-BFC6-4EBCD8AD062F}"
EndProject
Project("{FAE04EC0-301F-11D3-BF4B-00C04F79EFBC}") = "BackgroundSocket", "BackgroundSocket\BackgroundSocket.csproj", "{94944B01-6CE9-42BB-9180-7682BCE2298F}"
EndProject
Project("{FAE04EC0-301F-11D3-BF4B-00C04F79EFBC}") = "Unicode", "Unicode\Unicode.csproj", "{0E93F94C-A663-4EB6-A6DE-6A853D162375}"
EndProject
Project("{2150E333-8FDC-42A3-9474-1A3956D46DE8}") = "Solution Items", "Solution Items", "{4E29D606-9759-4C1D-989F-B9EC0C6C21CB}"
	ProjectSection(SolutionItems) = preProject
		.editorconfig = .editorconfig
	EndProjectSection
EndProject
Project("{FAE04EC0-301F-11D3-BF4B-00C04F79EFBC}") = "XMPP_API_IoT", "XMPP_API_IoT\XMPP_API_IoT.csproj", "{85CE85C2-F71E-4F58-9631-95D3B99EAC69}"
EndProject
Project("{FAE04EC0-301F-11D3-BF4B-00C04F79EFBC}") = "Push", "Push\Push.csproj", "{E15572A6-AD1A-4ECC-8920-4070DD779516}"
EndProject
Project("{FAE04EC0-301F-11D3-BF4B-00C04F79EFBC}") = "Push_BackgroundTask", "Push_BackgroundTask\Push_BackgroundTask.csproj", "{F9DA0FEA-3D11-452F-8ED0-41BEFB4651B8}"
EndProject
Project("{FAE04EC0-301F-11D3-BF4B-00C04F79EFBC}") = "Manager", "Manager\Manager.csproj", "{E06E9CCA-7196-497E-A129-8FFB4A30A3F8}"
EndProject
Project("{FAE04EC0-301F-11D3-BF4B-00C04F79EFBC}") = "Storage", "Storage\Storage.csproj", "{9F088DAC-A37A-469C-AFBC-12BE2EBFDD2D}"
EndProject
Project("{FAE04EC0-301F-11D3-BF4B-00C04F79EFBC}") = "Omemo", "Omemo\Omemo.csproj", "{E8D1B7B3-548A-4F0F-A703-48AB327B9340}"
EndProject
Project("{FAE04EC0-301F-11D3-BF4B-00C04F79EFBC}") = "PushChannel_BackgroundTask", "PushChannel_BackgroundTask\PushChannel_BackgroundTask.csproj", "{7068E519-918D-46E4-B114-8480572DE5FF}"
EndProject
Global
	GlobalSection(SolutionConfigurationPlatforms) = preSolution
		Debug|Any CPU = Debug|Any CPU
		Debug|ARM = Debug|ARM
		Debug|ARM64 = Debug|ARM64
		Debug|x64 = Debug|x64
		Debug|x86 = Debug|x86
		Release|Any CPU = Release|Any CPU
		Release|ARM = Release|ARM
		Release|ARM64 = Release|ARM64
		Release|x64 = Release|x64
		Release|x86 = Release|x86
	EndGlobalSection
	GlobalSection(ProjectConfigurationPlatforms) = postSolution
		{E44A2942-DCD2-4C70-BF0A-59910EDF1D9B}.Debug|Any CPU.ActiveCfg = Debug|x86
		{E44A2942-DCD2-4C70-BF0A-59910EDF1D9B}.Debug|ARM.ActiveCfg = Debug|ARM
		{E44A2942-DCD2-4C70-BF0A-59910EDF1D9B}.Debug|ARM.Build.0 = Debug|ARM
		{E44A2942-DCD2-4C70-BF0A-59910EDF1D9B}.Debug|ARM.Deploy.0 = Debug|ARM
		{E44A2942-DCD2-4C70-BF0A-59910EDF1D9B}.Debug|ARM64.ActiveCfg = Debug|ARM64
		{E44A2942-DCD2-4C70-BF0A-59910EDF1D9B}.Debug|ARM64.Build.0 = Debug|ARM64
		{E44A2942-DCD2-4C70-BF0A-59910EDF1D9B}.Debug|ARM64.Deploy.0 = Debug|ARM64
		{E44A2942-DCD2-4C70-BF0A-59910EDF1D9B}.Debug|x64.ActiveCfg = Debug|x64
		{E44A2942-DCD2-4C70-BF0A-59910EDF1D9B}.Debug|x64.Build.0 = Debug|x64
		{E44A2942-DCD2-4C70-BF0A-59910EDF1D9B}.Debug|x64.Deploy.0 = Debug|x64
		{E44A2942-DCD2-4C70-BF0A-59910EDF1D9B}.Debug|x86.ActiveCfg = Debug|x86
		{E44A2942-DCD2-4C70-BF0A-59910EDF1D9B}.Debug|x86.Build.0 = Debug|x86
		{E44A2942-DCD2-4C70-BF0A-59910EDF1D9B}.Debug|x86.Deploy.0 = Debug|x86
		{E44A2942-DCD2-4C70-BF0A-59910EDF1D9B}.Release|Any CPU.ActiveCfg = Release|x86
		{E44A2942-DCD2-4C70-BF0A-59910EDF1D9B}.Release|ARM.ActiveCfg = Release|ARM
		{E44A2942-DCD2-4C70-BF0A-59910EDF1D9B}.Release|ARM.Build.0 = Release|ARM
		{E44A2942-DCD2-4C70-BF0A-59910EDF1D9B}.Release|ARM.Deploy.0 = Release|ARM
		{E44A2942-DCD2-4C70-BF0A-59910EDF1D9B}.Release|ARM64.ActiveCfg = Release|ARM64
		{E44A2942-DCD2-4C70-BF0A-59910EDF1D9B}.Release|ARM64.Build.0 = Release|ARM64
		{E44A2942-DCD2-4C70-BF0A-59910EDF1D9B}.Release|ARM64.Deploy.0 = Release|ARM64
		{E44A2942-DCD2-4C70-BF0A-59910EDF1D9B}.Release|x64.ActiveCfg = Release|x64
		{E44A2942-DCD2-4C70-BF0A-59910EDF1D9B}.Release|x64.Build.0 = Release|x64
		{E44A2942-DCD2-4C70-BF0A-59910EDF1D9B}.Release|x64.Deploy.0 = Release|x64
		{E44A2942-DCD2-4C70-BF0A-59910EDF1D9B}.Release|x86.ActiveCfg = Release|x86
		{E44A2942-DCD2-4C70-BF0A-59910EDF1D9B}.Release|x86.Build.0 = Release|x86
		{E44A2942-DCD2-4C70-BF0A-59910EDF1D9B}.Release|x86.Deploy.0 = Release|x86
		{0C1FB090-4492-441D-B182-C999DF71F917}.Debug|Any CPU.ActiveCfg = Debug|Any CPU
		{0C1FB090-4492-441D-B182-C999DF71F917}.Debug|Any CPU.Build.0 = Debug|Any CPU
		{0C1FB090-4492-441D-B182-C999DF71F917}.Debug|ARM.ActiveCfg = Debug|ARM
		{0C1FB090-4492-441D-B182-C999DF71F917}.Debug|ARM.Build.0 = Debug|ARM
		{0C1FB090-4492-441D-B182-C999DF71F917}.Debug|ARM64.ActiveCfg = Debug|ARM64
		{0C1FB090-4492-441D-B182-C999DF71F917}.Debug|ARM64.Build.0 = Debug|ARM64
		{0C1FB090-4492-441D-B182-C999DF71F917}.Debug|x64.ActiveCfg = Debug|x64
		{0C1FB090-4492-441D-B182-C999DF71F917}.Debug|x64.Build.0 = Debug|x64
		{0C1FB090-4492-441D-B182-C999DF71F917}.Debug|x86.ActiveCfg = Debug|x86
		{0C1FB090-4492-441D-B182-C999DF71F917}.Debug|x86.Build.0 = Debug|x86
		{0C1FB090-4492-441D-B182-C999DF71F917}.Release|Any CPU.ActiveCfg = Release|Any CPU
		{0C1FB090-4492-441D-B182-C999DF71F917}.Release|Any CPU.Build.0 = Release|Any CPU
		{0C1FB090-4492-441D-B182-C999DF71F917}.Release|ARM.ActiveCfg = Release|ARM
		{0C1FB090-4492-441D-B182-C999DF71F917}.Release|ARM.Build.0 = Release|ARM
		{0C1FB090-4492-441D-B182-C999DF71F917}.Release|ARM64.ActiveCfg = Release|ARM64
		{0C1FB090-4492-441D-B182-C999DF71F917}.Release|ARM64.Build.0 = Release|ARM64
		{0C1FB090-4492-441D-B182-C999DF71F917}.Release|x64.ActiveCfg = Release|x64
		{0C1FB090-4492-441D-B182-C999DF71F917}.Release|x64.Build.0 = Release|x64
		{0C1FB090-4492-441D-B182-C999DF71F917}.Release|x86.ActiveCfg = Release|x86
		{0C1FB090-4492-441D-B182-C999DF71F917}.Release|x86.Build.0 = Release|x86
		{C4AF94DA-11CF-4147-B5B7-4B2DC7C624A0}.Debug|Any CPU.ActiveCfg = Debug|Any CPU
		{C4AF94DA-11CF-4147-B5B7-4B2DC7C624A0}.Debug|Any CPU.Build.0 = Debug|Any CPU
		{C4AF94DA-11CF-4147-B5B7-4B2DC7C624A0}.Debug|ARM.ActiveCfg = Debug|ARM
		{C4AF94DA-11CF-4147-B5B7-4B2DC7C624A0}.Debug|ARM.Build.0 = Debug|ARM
		{C4AF94DA-11CF-4147-B5B7-4B2DC7C624A0}.Debug|ARM64.ActiveCfg = Debug|ARM64
		{C4AF94DA-11CF-4147-B5B7-4B2DC7C624A0}.Debug|ARM64.Build.0 = Debug|ARM64
		{C4AF94DA-11CF-4147-B5B7-4B2DC7C624A0}.Debug|x64.ActiveCfg = Debug|x64
		{C4AF94DA-11CF-4147-B5B7-4B2DC7C624A0}.Debug|x64.Build.0 = Debug|x64
		{C4AF94DA-11CF-4147-B5B7-4B2DC7C624A0}.Debug|x86.ActiveCfg = Debug|x86
		{C4AF94DA-11CF-4147-B5B7-4B2DC7C624A0}.Debug|x86.Build.0 = Debug|x86
		{C4AF94DA-11CF-4147-B5B7-4B2DC7C624A0}.Release|Any CPU.ActiveCfg = Release|Any CPU
		{C4AF94DA-11CF-4147-B5B7-4B2DC7C624A0}.Release|Any CPU.Build.0 = Release|Any CPU
		{C4AF94DA-11CF-4147-B5B7-4B2DC7C624A0}.Release|ARM.ActiveCfg = Release|ARM
		{C4AF94DA-11CF-4147-B5B7-4B2DC7C624A0}.Release|ARM.Build.0 = Release|ARM
		{C4AF94DA-11CF-4147-B5B7-4B2DC7C624A0}.Release|ARM64.ActiveCfg = Release|ARM64
		{C4AF94DA-11CF-4147-B5B7-4B2DC7C624A0}.Release|ARM64.Build.0 = Release|ARM64
		{C4AF94DA-11CF-4147-B5B7-4B2DC7C624A0}.Release|x64.ActiveCfg = Release|x64
		{C4AF94DA-11CF-4147-B5B7-4B2DC7C624A0}.Release|x64.Build.0 = Release|x64
		{C4AF94DA-11CF-4147-B5B7-4B2DC7C624A0}.Release|x86.ActiveCfg = Release|x86
		{C4AF94DA-11CF-4147-B5B7-4B2DC7C624A0}.Release|x86.Build.0 = Release|x86
		{64B9A47F-D404-4D0B-A34A-BEC280C5FF6B}.Debug|Any CPU.ActiveCfg = Debug|Any CPU
		{64B9A47F-D404-4D0B-A34A-BEC280C5FF6B}.Debug|Any CPU.Build.0 = Debug|Any CPU
		{64B9A47F-D404-4D0B-A34A-BEC280C5FF6B}.Debug|ARM.ActiveCfg = Debug|ARM
		{64B9A47F-D404-4D0B-A34A-BEC280C5FF6B}.Debug|ARM.Build.0 = Debug|ARM
		{64B9A47F-D404-4D0B-A34A-BEC280C5FF6B}.Debug|ARM64.ActiveCfg = Debug|ARM64
		{64B9A47F-D404-4D0B-A34A-BEC280C5FF6B}.Debug|ARM64.Build.0 = Debug|ARM64
		{64B9A47F-D404-4D0B-A34A-BEC280C5FF6B}.Debug|x64.ActiveCfg = Debug|x64
		{64B9A47F-D404-4D0B-A34A-BEC280C5FF6B}.Debug|x64.Build.0 = Debug|x64
		{64B9A47F-D404-4D0B-A34A-BEC280C5FF6B}.Debug|x86.ActiveCfg = Debug|x86
		{64B9A47F-D404-4D0B-A34A-BEC280C5FF6B}.Debug|x86.Build.0 = Debug|x86
		{64B9A47F-D404-4D0B-A34A-BEC280C5FF6B}.Release|Any CPU.ActiveCfg = Release|Any CPU
		{64B9A47F-D404-4D0B-A34A-BEC280C5FF6B}.Release|Any CPU.Build.0 = Release|Any CPU
		{64B9A47F-D404-4D0B-A34A-BEC280C5FF6B}.Release|ARM.ActiveCfg = Release|ARM
		{64B9A47F-D404-4D0B-A34A-BEC280C5FF6B}.Release|ARM.Build.0 = Release|ARM
		{64B9A47F-D404-4D0B-A34A-BEC280C5FF6B}.Release|ARM64.ActiveCfg = Release|ARM64
		{64B9A47F-D404-4D0B-A34A-BEC280C5FF6B}.Release|ARM64.Build.0 = Release|ARM64
		{64B9A47F-D404-4D0B-A34A-BEC280C5FF6B}.Release|x64.ActiveCfg = Release|x64
		{64B9A47F-D404-4D0B-A34A-BEC280C5FF6B}.Release|x64.Build.0 = Release|x64
		{64B9A47F-D404-4D0B-A34A-BEC280C5FF6B}.Release|x86.ActiveCfg = Release|x86
		{64B9A47F-D404-4D0B-A34A-BEC280C5FF6B}.Release|x86.Build.0 = Release|x86
		{B4EB6F7E-CB04-4392-87DA-BFC242483065}.Debug|Any CPU.ActiveCfg = Debug|Any CPU
		{B4EB6F7E-CB04-4392-87DA-BFC242483065}.Debug|Any CPU.Build.0 = Debug|Any CPU
		{B4EB6F7E-CB04-4392-87DA-BFC242483065}.Debug|ARM.ActiveCfg = Debug|ARM
		{B4EB6F7E-CB04-4392-87DA-BFC242483065}.Debug|ARM.Build.0 = Debug|ARM
		{B4EB6F7E-CB04-4392-87DA-BFC242483065}.Debug|ARM64.ActiveCfg = Debug|ARM64
		{B4EB6F7E-CB04-4392-87DA-BFC242483065}.Debug|ARM64.Build.0 = Debug|ARM64
		{B4EB6F7E-CB04-4392-87DA-BFC242483065}.Debug|x64.ActiveCfg = Debug|x64
		{B4EB6F7E-CB04-4392-87DA-BFC242483065}.Debug|x64.Build.0 = Debug|x64
		{B4EB6F7E-CB04-4392-87DA-BFC242483065}.Debug|x86.ActiveCfg = Debug|x86
		{B4EB6F7E-CB04-4392-87DA-BFC242483065}.Debug|x86.Build.0 = Debug|x86
		{B4EB6F7E-CB04-4392-87DA-BFC242483065}.Release|Any CPU.ActiveCfg = Release|Any CPU
		{B4EB6F7E-CB04-4392-87DA-BFC242483065}.Release|Any CPU.Build.0 = Release|Any CPU
		{B4EB6F7E-CB04-4392-87DA-BFC242483065}.Release|ARM.ActiveCfg = Release|ARM
		{B4EB6F7E-CB04-4392-87DA-BFC242483065}.Release|ARM.Build.0 = Release|ARM
		{B4EB6F7E-CB04-4392-87DA-BFC242483065}.Release|ARM64.ActiveCfg = Release|ARM64
		{B4EB6F7E-CB04-4392-87DA-BFC242483065}.Release|ARM64.Build.0 = Release|ARM64
		{B4EB6F7E-CB04-4392-87DA-BFC242483065}.Release|x64.ActiveCfg = Release|x64
		{B4EB6F7E-CB04-4392-87DA-BFC242483065}.Release|x64.Build.0 = Release|x64
		{B4EB6F7E-CB04-4392-87DA-BFC242483065}.Release|x86.ActiveCfg = Release|x86
		{B4EB6F7E-CB04-4392-87DA-BFC242483065}.Release|x86.Build.0 = Release|x86
		{B7A8F92E-7BD9-46F5-BFC6-4EBCD8AD062F}.Debug|Any CPU.ActiveCfg = Debug|x86
		{B7A8F92E-7BD9-46F5-BFC6-4EBCD8AD062F}.Debug|ARM.ActiveCfg = Debug|ARM
		{B7A8F92E-7BD9-46F5-BFC6-4EBCD8AD062F}.Debug|ARM.Build.0 = Debug|ARM
		{B7A8F92E-7BD9-46F5-BFC6-4EBCD8AD062F}.Debug|ARM.Deploy.0 = Debug|ARM
		{B7A8F92E-7BD9-46F5-BFC6-4EBCD8AD062F}.Debug|ARM64.ActiveCfg = Debug|ARM64
		{B7A8F92E-7BD9-46F5-BFC6-4EBCD8AD062F}.Debug|ARM64.Build.0 = Debug|ARM64
		{B7A8F92E-7BD9-46F5-BFC6-4EBCD8AD062F}.Debug|ARM64.Deploy.0 = Debug|ARM64
		{B7A8F92E-7BD9-46F5-BFC6-4EBCD8AD062F}.Debug|x64.ActiveCfg = Debug|x64
		{B7A8F92E-7BD9-46F5-BFC6-4EBCD8AD062F}.Debug|x64.Build.0 = Debug|x64
		{B7A8F92E-7BD9-46F5-BFC6-4EBCD8AD062F}.Debug|x64.Deploy.0 = Debug|x64
		{B7A8F92E-7BD9-46F5-BFC6-4EBCD8AD062F}.Debug|x86.ActiveCfg = Debug|x86
		{B7A8F92E-7BD9-46F5-BFC6-4EBCD8AD062F}.Debug|x86.Build.0 = Debug|x86
		{B7A8F92E-7BD9-46F5-BFC6-4EBCD8AD062F}.Debug|x86.Deploy.0 = Debug|x86
		{B7A8F92E-7BD9-46F5-BFC6-4EBCD8AD062F}.Release|Any CPU.ActiveCfg = Release|x86
		{B7A8F92E-7BD9-46F5-BFC6-4EBCD8AD062F}.Release|ARM.ActiveCfg = Release|ARM
		{B7A8F92E-7BD9-46F5-BFC6-4EBCD8AD062F}.Release|ARM.Build.0 = Release|ARM
		{B7A8F92E-7BD9-46F5-BFC6-4EBCD8AD062F}.Release|ARM.Deploy.0 = Release|ARM
		{B7A8F92E-7BD9-46F5-BFC6-4EBCD8AD062F}.Release|ARM64.ActiveCfg = Release|ARM64
		{B7A8F92E-7BD9-46F5-BFC6-4EBCD8AD062F}.Release|ARM64.Build.0 = Release|ARM64
		{B7A8F92E-7BD9-46F5-BFC6-4EBCD8AD062F}.Release|ARM64.Deploy.0 = Release|ARM64
		{B7A8F92E-7BD9-46F5-BFC6-4EBCD8AD062F}.Release|x64.ActiveCfg = Release|x64
		{B7A8F92E-7BD9-46F5-BFC6-4EBCD8AD062F}.Release|x64.Build.0 = Release|x64
		{B7A8F92E-7BD9-46F5-BFC6-4EBCD8AD062F}.Release|x64.Deploy.0 = Release|x64
		{B7A8F92E-7BD9-46F5-BFC6-4EBCD8AD062F}.Release|x86.ActiveCfg = Release|x86
		{B7A8F92E-7BD9-46F5-BFC6-4EBCD8AD062F}.Release|x86.Build.0 = Release|x86
		{B7A8F92E-7BD9-46F5-BFC6-4EBCD8AD062F}.Release|x86.Deploy.0 = Release|x86
		{94944B01-6CE9-42BB-9180-7682BCE2298F}.Debug|Any CPU.ActiveCfg = Debug|Any CPU
		{94944B01-6CE9-42BB-9180-7682BCE2298F}.Debug|Any CPU.Build.0 = Debug|Any CPU
		{94944B01-6CE9-42BB-9180-7682BCE2298F}.Debug|ARM.ActiveCfg = Debug|ARM
		{94944B01-6CE9-42BB-9180-7682BCE2298F}.Debug|ARM.Build.0 = Debug|ARM
		{94944B01-6CE9-42BB-9180-7682BCE2298F}.Debug|ARM64.ActiveCfg = Debug|ARM64
		{94944B01-6CE9-42BB-9180-7682BCE2298F}.Debug|ARM64.Build.0 = Debug|ARM64
		{94944B01-6CE9-42BB-9180-7682BCE2298F}.Debug|x64.ActiveCfg = Debug|x64
		{94944B01-6CE9-42BB-9180-7682BCE2298F}.Debug|x64.Build.0 = Debug|x64
		{94944B01-6CE9-42BB-9180-7682BCE2298F}.Debug|x86.ActiveCfg = Debug|x86
		{94944B01-6CE9-42BB-9180-7682BCE2298F}.Debug|x86.Build.0 = Debug|x86
		{94944B01-6CE9-42BB-9180-7682BCE2298F}.Release|Any CPU.ActiveCfg = Release|Any CPU
		{94944B01-6CE9-42BB-9180-7682BCE2298F}.Release|Any CPU.Build.0 = Release|Any CPU
		{94944B01-6CE9-42BB-9180-7682BCE2298F}.Release|ARM.ActiveCfg = Release|ARM
		{94944B01-6CE9-42BB-9180-7682BCE2298F}.Release|ARM.Build.0 = Release|ARM
		{94944B01-6CE9-42BB-9180-7682BCE2298F}.Release|ARM64.ActiveCfg = Release|ARM64
		{94944B01-6CE9-42BB-9180-7682BCE2298F}.Release|ARM64.Build.0 = Release|ARM64
		{94944B01-6CE9-42BB-9180-7682BCE2298F}.Release|x64.ActiveCfg = Release|x64
		{94944B01-6CE9-42BB-9180-7682BCE2298F}.Release|x64.Build.0 = Release|x64
		{94944B01-6CE9-42BB-9180-7682BCE2298F}.Release|x86.ActiveCfg = Release|x86
		{94944B01-6CE9-42BB-9180-7682BCE2298F}.Release|x86.Build.0 = Release|x86
		{0E93F94C-A663-4EB6-A6DE-6A853D162375}.Debug|Any CPU.ActiveCfg = Debug|Any CPU
		{0E93F94C-A663-4EB6-A6DE-6A853D162375}.Debug|Any CPU.Build.0 = Debug|Any CPU
		{0E93F94C-A663-4EB6-A6DE-6A853D162375}.Debug|ARM.ActiveCfg = Debug|ARM
		{0E93F94C-A663-4EB6-A6DE-6A853D162375}.Debug|ARM.Build.0 = Debug|ARM
		{0E93F94C-A663-4EB6-A6DE-6A853D162375}.Debug|ARM64.ActiveCfg = Debug|ARM64
		{0E93F94C-A663-4EB6-A6DE-6A853D162375}.Debug|ARM64.Build.0 = Debug|ARM64
		{0E93F94C-A663-4EB6-A6DE-6A853D162375}.Debug|x64.ActiveCfg = Debug|x64
		{0E93F94C-A663-4EB6-A6DE-6A853D162375}.Debug|x64.Build.0 = Debug|x64
		{0E93F94C-A663-4EB6-A6DE-6A853D162375}.Debug|x86.ActiveCfg = Debug|x86
		{0E93F94C-A663-4EB6-A6DE-6A853D162375}.Debug|x86.Build.0 = Debug|x86
		{0E93F94C-A663-4EB6-A6DE-6A853D162375}.Release|Any CPU.ActiveCfg = Release|Any CPU
		{0E93F94C-A663-4EB6-A6DE-6A853D162375}.Release|Any CPU.Build.0 = Release|Any CPU
		{0E93F94C-A663-4EB6-A6DE-6A853D162375}.Release|ARM.ActiveCfg = Release|ARM
		{0E93F94C-A663-4EB6-A6DE-6A853D162375}.Release|ARM.Build.0 = Release|ARM
		{0E93F94C-A663-4EB6-A6DE-6A853D162375}.Release|ARM64.ActiveCfg = Release|ARM64
		{0E93F94C-A663-4EB6-A6DE-6A853D162375}.Release|ARM64.Build.0 = Release|ARM64
		{0E93F94C-A663-4EB6-A6DE-6A853D162375}.Release|x64.ActiveCfg = Release|x64
		{0E93F94C-A663-4EB6-A6DE-6A853D162375}.Release|x64.Build.0 = Release|x64
		{0E93F94C-A663-4EB6-A6DE-6A853D162375}.Release|x86.ActiveCfg = Release|x86
		{0E93F94C-A663-4EB6-A6DE-6A853D162375}.Release|x86.Build.0 = Release|x86
		{85CE85C2-F71E-4F58-9631-95D3B99EAC69}.Debug|Any CPU.ActiveCfg = Debug|Any CPU
		{85CE85C2-F71E-4F58-9631-95D3B99EAC69}.Debug|Any CPU.Build.0 = Debug|Any CPU
		{85CE85C2-F71E-4F58-9631-95D3B99EAC69}.Debug|ARM.ActiveCfg = Debug|ARM
		{85CE85C2-F71E-4F58-9631-95D3B99EAC69}.Debug|ARM.Build.0 = Debug|ARM
		{85CE85C2-F71E-4F58-9631-95D3B99EAC69}.Debug|ARM64.ActiveCfg = Debug|ARM64
		{85CE85C2-F71E-4F58-9631-95D3B99EAC69}.Debug|ARM64.Build.0 = Debug|ARM64
		{85CE85C2-F71E-4F58-9631-95D3B99EAC69}.Debug|x64.ActiveCfg = Debug|x64
		{85CE85C2-F71E-4F58-9631-95D3B99EAC69}.Debug|x64.Build.0 = Debug|x64
		{85CE85C2-F71E-4F58-9631-95D3B99EAC69}.Debug|x86.ActiveCfg = Debug|x86
		{85CE85C2-F71E-4F58-9631-95D3B99EAC69}.Debug|x86.Build.0 = Debug|x86
		{85CE85C2-F71E-4F58-9631-95D3B99EAC69}.Release|Any CPU.ActiveCfg = Release|Any CPU
		{85CE85C2-F71E-4F58-9631-95D3B99EAC69}.Release|Any CPU.Build.0 = Release|Any CPU
		{85CE85C2-F71E-4F58-9631-95D3B99EAC69}.Release|ARM.ActiveCfg = Release|ARM
		{85CE85C2-F71E-4F58-9631-95D3B99EAC69}.Release|ARM.Build.0 = Release|ARM
		{85CE85C2-F71E-4F58-9631-95D3B99EAC69}.Release|ARM64.ActiveCfg = Release|ARM64
		{85CE85C2-F71E-4F58-9631-95D3B99EAC69}.Release|ARM64.Build.0 = Release|ARM64
		{85CE85C2-F71E-4F58-9631-95D3B99EAC69}.Release|x64.ActiveCfg = Release|x64
		{85CE85C2-F71E-4F58-9631-95D3B99EAC69}.Release|x64.Build.0 = Release|x64
		{85CE85C2-F71E-4F58-9631-95D3B99EAC69}.Release|x86.ActiveCfg = Release|x86
		{85CE85C2-F71E-4F58-9631-95D3B99EAC69}.Release|x86.Build.0 = Release|x86
		{E15572A6-AD1A-4ECC-8920-4070DD779516}.Debug|Any CPU.ActiveCfg = Debug|Any CPU
		{E15572A6-AD1A-4ECC-8920-4070DD779516}.Debug|Any CPU.Build.0 = Debug|Any CPU
		{E15572A6-AD1A-4ECC-8920-4070DD779516}.Debug|ARM.ActiveCfg = Debug|ARM
		{E15572A6-AD1A-4ECC-8920-4070DD779516}.Debug|ARM.Build.0 = Debug|ARM
		{E15572A6-AD1A-4ECC-8920-4070DD779516}.Debug|ARM64.ActiveCfg = Debug|ARM64
		{E15572A6-AD1A-4ECC-8920-4070DD779516}.Debug|ARM64.Build.0 = Debug|ARM64
		{E15572A6-AD1A-4ECC-8920-4070DD779516}.Debug|x64.ActiveCfg = Debug|x64
		{E15572A6-AD1A-4ECC-8920-4070DD779516}.Debug|x64.Build.0 = Debug|x64
		{E15572A6-AD1A-4ECC-8920-4070DD779516}.Debug|x86.ActiveCfg = Debug|x86
		{E15572A6-AD1A-4ECC-8920-4070DD779516}.Debug|x86.Build.0 = Debug|x86
		{E15572A6-AD1A-4ECC-8920-4070DD779516}.Release|Any CPU.ActiveCfg = Release|Any CPU
		{E15572A6-AD1A-4ECC-8920-4070DD779516}.Release|Any CPU.Build.0 = Release|Any CPU
		{E15572A6-AD1A-4ECC-8920-4070DD779516}.Release|ARM.ActiveCfg = Release|ARM
		{E15572A6-AD1A-4ECC-8920-4070DD779516}.Release|ARM.Build.0 = Release|ARM
		{E15572A6-AD1A-4ECC-8920-4070DD779516}.Release|ARM64.ActiveCfg = Release|ARM64
		{E15572A6-AD1A-4ECC-8920-4070DD779516}.Release|ARM64.Build.0 = Release|ARM64
		{E15572A6-AD1A-4ECC-8920-4070DD779516}.Release|x64.ActiveCfg = Release|x64
		{E15572A6-AD1A-4ECC-8920-4070DD779516}.Release|x64.Build.0 = Release|x64
		{E15572A6-AD1A-4ECC-8920-4070DD779516}.Release|x86.ActiveCfg = Release|x86
		{E15572A6-AD1A-4ECC-8920-4070DD779516}.Release|x86.Build.0 = Release|x86
		{F9DA0FEA-3D11-452F-8ED0-41BEFB4651B8}.Debug|Any CPU.ActiveCfg = Debug|Any CPU
		{F9DA0FEA-3D11-452F-8ED0-41BEFB4651B8}.Debug|Any CPU.Build.0 = Debug|Any CPU
		{F9DA0FEA-3D11-452F-8ED0-41BEFB4651B8}.Debug|ARM.ActiveCfg = Debug|ARM
		{F9DA0FEA-3D11-452F-8ED0-41BEFB4651B8}.Debug|ARM.Build.0 = Debug|ARM
		{F9DA0FEA-3D11-452F-8ED0-41BEFB4651B8}.Debug|ARM64.ActiveCfg = Debug|ARM64
		{F9DA0FEA-3D11-452F-8ED0-41BEFB4651B8}.Debug|ARM64.Build.0 = Debug|ARM64
		{F9DA0FEA-3D11-452F-8ED0-41BEFB4651B8}.Debug|x64.ActiveCfg = Debug|x64
		{F9DA0FEA-3D11-452F-8ED0-41BEFB4651B8}.Debug|x64.Build.0 = Debug|x64
		{F9DA0FEA-3D11-452F-8ED0-41BEFB4651B8}.Debug|x86.ActiveCfg = Debug|x86
		{F9DA0FEA-3D11-452F-8ED0-41BEFB4651B8}.Debug|x86.Build.0 = Debug|x86
		{F9DA0FEA-3D11-452F-8ED0-41BEFB4651B8}.Release|Any CPU.ActiveCfg = Release|Any CPU
		{F9DA0FEA-3D11-452F-8ED0-41BEFB4651B8}.Release|Any CPU.Build.0 = Release|Any CPU
		{F9DA0FEA-3D11-452F-8ED0-41BEFB4651B8}.Release|ARM.ActiveCfg = Release|ARM
		{F9DA0FEA-3D11-452F-8ED0-41BEFB4651B8}.Release|ARM.Build.0 = Release|ARM
		{F9DA0FEA-3D11-452F-8ED0-41BEFB4651B8}.Release|ARM64.ActiveCfg = Release|ARM64
		{F9DA0FEA-3D11-452F-8ED0-41BEFB4651B8}.Release|ARM64.Build.0 = Release|ARM64
		{F9DA0FEA-3D11-452F-8ED0-41BEFB4651B8}.Release|x64.ActiveCfg = Release|x64
		{F9DA0FEA-3D11-452F-8ED0-41BEFB4651B8}.Release|x64.Build.0 = Release|x64
		{F9DA0FEA-3D11-452F-8ED0-41BEFB4651B8}.Release|x86.ActiveCfg = Release|x86
		{F9DA0FEA-3D11-452F-8ED0-41BEFB4651B8}.Release|x86.Build.0 = Release|x86
		{E06E9CCA-7196-497E-A129-8FFB4A30A3F8}.Debug|Any CPU.ActiveCfg = Debug|Any CPU
		{E06E9CCA-7196-497E-A129-8FFB4A30A3F8}.Debug|Any CPU.Build.0 = Debug|Any CPU
		{E06E9CCA-7196-497E-A129-8FFB4A30A3F8}.Debug|ARM.ActiveCfg = Debug|ARM
		{E06E9CCA-7196-497E-A129-8FFB4A30A3F8}.Debug|ARM.Build.0 = Debug|ARM
		{E06E9CCA-7196-497E-A129-8FFB4A30A3F8}.Debug|ARM64.ActiveCfg = Debug|ARM64
		{E06E9CCA-7196-497E-A129-8FFB4A30A3F8}.Debug|ARM64.Build.0 = Debug|ARM64
		{E06E9CCA-7196-497E-A129-8FFB4A30A3F8}.Debug|x64.ActiveCfg = Debug|x64
		{E06E9CCA-7196-497E-A129-8FFB4A30A3F8}.Debug|x64.Build.0 = Debug|x64
		{E06E9CCA-7196-497E-A129-8FFB4A30A3F8}.Debug|x86.ActiveCfg = Debug|x86
		{E06E9CCA-7196-497E-A129-8FFB4A30A3F8}.Debug|x86.Build.0 = Debug|x86
		{E06E9CCA-7196-497E-A129-8FFB4A30A3F8}.Release|Any CPU.ActiveCfg = Release|Any CPU
		{E06E9CCA-7196-497E-A129-8FFB4A30A3F8}.Release|Any CPU.Build.0 = Release|Any CPU
		{E06E9CCA-7196-497E-A129-8FFB4A30A3F8}.Release|ARM.ActiveCfg = Release|ARM
		{E06E9CCA-7196-497E-A129-8FFB4A30A3F8}.Release|ARM.Build.0 = Release|ARM
		{E06E9CCA-7196-497E-A129-8FFB4A30A3F8}.Release|ARM64.ActiveCfg = Release|ARM64
		{E06E9CCA-7196-497E-A129-8FFB4A30A3F8}.Release|ARM64.Build.0 = Release|ARM64
		{E06E9CCA-7196-497E-A129-8FFB4A30A3F8}.Release|x64.ActiveCfg = Release|x64
		{E06E9CCA-7196-497E-A129-8FFB4A30A3F8}.Release|x64.Build.0 = Release|x64
		{E06E9CCA-7196-497E-A129-8FFB4A30A3F8}.Release|x86.ActiveCfg = Release|x86
		{E06E9CCA-7196-497E-A129-8FFB4A30A3F8}.Release|x86.Build.0 = Release|x86
		{9F088DAC-A37A-469C-AFBC-12BE2EBFDD2D}.Debug|Any CPU.ActiveCfg = Debug|Any CPU
		{9F088DAC-A37A-469C-AFBC-12BE2EBFDD2D}.Debug|Any CPU.Build.0 = Debug|Any CPU
		{9F088DAC-A37A-469C-AFBC-12BE2EBFDD2D}.Debug|ARM.ActiveCfg = Debug|ARM
		{9F088DAC-A37A-469C-AFBC-12BE2EBFDD2D}.Debug|ARM.Build.0 = Debug|ARM
		{9F088DAC-A37A-469C-AFBC-12BE2EBFDD2D}.Debug|ARM64.ActiveCfg = Debug|ARM64
		{9F088DAC-A37A-469C-AFBC-12BE2EBFDD2D}.Debug|ARM64.Build.0 = Debug|ARM64
		{9F088DAC-A37A-469C-AFBC-12BE2EBFDD2D}.Debug|x64.ActiveCfg = Debug|x64
		{9F088DAC-A37A-469C-AFBC-12BE2EBFDD2D}.Debug|x64.Build.0 = Debug|x64
		{9F088DAC-A37A-469C-AFBC-12BE2EBFDD2D}.Debug|x86.ActiveCfg = Debug|x86
		{9F088DAC-A37A-469C-AFBC-12BE2EBFDD2D}.Debug|x86.Build.0 = Debug|x86
		{9F088DAC-A37A-469C-AFBC-12BE2EBFDD2D}.Release|Any CPU.ActiveCfg = Release|Any CPU
		{9F088DAC-A37A-469C-AFBC-12BE2EBFDD2D}.Release|Any CPU.Build.0 = Release|Any CPU
		{9F088DAC-A37A-469C-AFBC-12BE2EBFDD2D}.Release|ARM.ActiveCfg = Release|ARM
		{9F088DAC-A37A-469C-AFBC-12BE2EBFDD2D}.Release|ARM.Build.0 = Release|ARM
		{9F088DAC-A37A-469C-AFBC-12BE2EBFDD2D}.Release|ARM64.ActiveCfg = Release|ARM64
		{9F088DAC-A37A-469C-AFBC-12BE2EBFDD2D}.Release|ARM64.Build.0 = Release|ARM64
		{9F088DAC-A37A-469C-AFBC-12BE2EBFDD2D}.Release|x64.ActiveCfg = Release|x64
		{9F088DAC-A37A-469C-AFBC-12BE2EBFDD2D}.Release|x64.Build.0 = Release|x64
		{9F088DAC-A37A-469C-AFBC-12BE2EBFDD2D}.Release|x86.ActiveCfg = Release|x86
		{9F088DAC-A37A-469C-AFBC-12BE2EBFDD2D}.Release|x86.Build.0 = Release|x86
		{E8D1B7B3-548A-4F0F-A703-48AB327B9340}.Debug|Any CPU.ActiveCfg = Debug|Any CPU
		{E8D1B7B3-548A-4F0F-A703-48AB327B9340}.Debug|Any CPU.Build.0 = Debug|Any CPU
		{E8D1B7B3-548A-4F0F-A703-48AB327B9340}.Debug|ARM.ActiveCfg = Debug|ARM
		{E8D1B7B3-548A-4F0F-A703-48AB327B9340}.Debug|ARM.Build.0 = Debug|ARM
		{E8D1B7B3-548A-4F0F-A703-48AB327B9340}.Debug|ARM64.ActiveCfg = Debug|ARM64
		{E8D1B7B3-548A-4F0F-A703-48AB327B9340}.Debug|ARM64.Build.0 = Debug|ARM64
		{E8D1B7B3-548A-4F0F-A703-48AB327B9340}.Debug|x64.ActiveCfg = Debug|x64
		{E8D1B7B3-548A-4F0F-A703-48AB327B9340}.Debug|x64.Build.0 = Debug|x64
		{E8D1B7B3-548A-4F0F-A703-48AB327B9340}.Debug|x86.ActiveCfg = Debug|x86
		{E8D1B7B3-548A-4F0F-A703-48AB327B9340}.Debug|x86.Build.0 = Debug|x86
		{E8D1B7B3-548A-4F0F-A703-48AB327B9340}.Release|Any CPU.ActiveCfg = Release|Any CPU
		{E8D1B7B3-548A-4F0F-A703-48AB327B9340}.Release|Any CPU.Build.0 = Release|Any CPU
		{E8D1B7B3-548A-4F0F-A703-48AB327B9340}.Release|ARM.ActiveCfg = Release|ARM
		{E8D1B7B3-548A-4F0F-A703-48AB327B9340}.Release|ARM.Build.0 = Release|ARM
		{E8D1B7B3-548A-4F0F-A703-48AB327B9340}.Release|ARM64.ActiveCfg = Release|ARM64
		{E8D1B7B3-548A-4F0F-A703-48AB327B9340}.Release|ARM64.Build.0 = Release|ARM64
		{E8D1B7B3-548A-4F0F-A703-48AB327B9340}.Release|x64.ActiveCfg = Release|x64
		{E8D1B7B3-548A-4F0F-A703-48AB327B9340}.Release|x64.Build.0 = Release|x64
		{E8D1B7B3-548A-4F0F-A703-48AB327B9340}.Release|x86.ActiveCfg = Release|x86
		{E8D1B7B3-548A-4F0F-A703-48AB327B9340}.Release|x86.Build.0 = Release|x86
		{7068E519-918D-46E4-B114-8480572DE5FF}.Debug|Any CPU.ActiveCfg = Debug|Any CPU
		{7068E519-918D-46E4-B114-8480572DE5FF}.Debug|Any CPU.Build.0 = Debug|Any CPU
		{7068E519-918D-46E4-B114-8480572DE5FF}.Debug|ARM.ActiveCfg = Debug|ARM
		{7068E519-918D-46E4-B114-8480572DE5FF}.Debug|ARM.Build.0 = Debug|ARM
		{7068E519-918D-46E4-B114-8480572DE5FF}.Debug|ARM64.ActiveCfg = Debug|ARM64
		{7068E519-918D-46E4-B114-8480572DE5FF}.Debug|ARM64.Build.0 = Debug|ARM64
		{7068E519-918D-46E4-B114-8480572DE5FF}.Debug|x64.ActiveCfg = Debug|x64
		{7068E519-918D-46E4-B114-8480572DE5FF}.Debug|x64.Build.0 = Debug|x64
		{7068E519-918D-46E4-B114-8480572DE5FF}.Debug|x86.ActiveCfg = Debug|x86
		{7068E519-918D-46E4-B114-8480572DE5FF}.Debug|x86.Build.0 = Debug|x86
		{7068E519-918D-46E4-B114-8480572DE5FF}.Release|Any CPU.ActiveCfg = Release|Any CPU
		{7068E519-918D-46E4-B114-8480572DE5FF}.Release|Any CPU.Build.0 = Release|Any CPU
		{7068E519-918D-46E4-B114-8480572DE5FF}.Release|ARM.ActiveCfg = Release|ARM
		{7068E519-918D-46E4-B114-8480572DE5FF}.Release|ARM.Build.0 = Release|ARM
		{7068E519-918D-46E4-B114-8480572DE5FF}.Release|ARM64.ActiveCfg = Release|ARM64
		{7068E519-918D-46E4-B114-8480572DE5FF}.Release|ARM64.Build.0 = Release|ARM64
		{7068E519-918D-46E4-B114-8480572DE5FF}.Release|x64.ActiveCfg = Release|x64
		{7068E519-918D-46E4-B114-8480572DE5FF}.Release|x64.Build.0 = Release|x64
		{7068E519-918D-46E4-B114-8480572DE5FF}.Release|x86.ActiveCfg = Release|x86
		{7068E519-918D-46E4-B114-8480572DE5FF}.Release|x86.Build.0 = Release|x86
	EndGlobalSection
	GlobalSection(SolutionProperties) = preSolution
		HideSolutionNode = FALSE
	EndGlobalSection
	GlobalSection(ExtensibilityGlobals) = postSolution
		SolutionGuid = {E783EE6B-3191-4192-AF29-0604DFF0BA98}
	EndGlobalSection
EndGlobal
